
Microsoft Visual Studio Solution File, Format Version 12.00
# Visual Studio Express 2012 for Web
Project("{FAE04EC0-301F-11D3-BF4B-00C04F79EFBC}") = "VRM2Demo", "VRM2Demo\VRM2Demo.csproj", "{46BD22BD-AA03-45CB-8837-D142EBA2AD43}"
EndProject
Project("{2150E333-8FDC-42A3-9474-1A3956D46DE8}") = ".nuget", ".nuget", "{A3772029-1AD9-4363-B853-848A21941003}"
	ProjectSection(SolutionItems) = preProject
		.nuget\NuGet.Config = .nuget\NuGet.Config
		.nuget\NuGet.exe = .nuget\NuGet.exe
		.nuget\NuGet.targets = .nuget\NuGet.targets
	EndProjectSection
EndProject
Global
	GlobalSection(SolutionConfigurationPlatforms) = preSolution
		Debug|Any CPU = Debug|Any CPU
		Release|Any CPU = Release|Any CPU
	EndGlobalSection
	GlobalSection(ProjectConfigurationPlatforms) = postSolution
		{46BD22BD-AA03-45CB-8837-D142EBA2AD43}.Debug|Any CPU.ActiveCfg = Debug|Any CPU
		{46BD22BD-AA03-45CB-8837-D142EBA2AD43}.Debug|Any CPU.Build.0 = Debug|Any CPU
		{46BD22BD-AA03-45CB-8837-D142EBA2AD43}.Release|Any CPU.ActiveCfg = Release|Any CPU
		{46BD22BD-AA03-45CB-8837-D142EBA2AD43}.Release|Any CPU.Build.0 = Release|Any CPU
	EndGlobalSection
	GlobalSection(SolutionProperties) = preSolution
		HideSolutionNode = FALSE
	EndGlobalSection
EndGlobal
